
Microsoft Visual Studio Solution File, Format Version 12.00
# Visual Studio Version 16
VisualStudioVersion = 16.0.32901.82
MinimumVisualStudioVersion = 10.0.40219.1
Project("{FAE04EC0-301F-11D3-BF4B-00C04F79EFBC}") = "ConsoleApp2", "ConsoleApp2\ConsoleApp2.csproj", "{BCA60611-1ADF-4F2D-A718-F10993E284DD}"
EndProject
Global
	GlobalSection(SolutionConfigurationPlatforms) = preSolution
		Debug|Any CPU = Debug|Any CPU
		Release|Any CPU = Release|Any CPU
	EndGlobalSection
	GlobalSection(ProjectConfigurationPlatforms) = postSolution
		{BCA60611-1ADF-4F2D-A718-F10993E284DD}.Debug|Any CPU.ActiveCfg = Debug|Any CPU
		{BCA60611-1ADF-4F2D-A718-F10993E284DD}.Debug|Any CPU.Build.0 = Debug|Any CPU
		{BCA60611-1ADF-4F2D-A718-F10993E284DD}.Release|Any CPU.ActiveCfg = Release|Any CPU
		{BCA60611-1ADF-4F2D-A718-F10993E284DD}.Release|Any CPU.Build.0 = Release|Any CPU
	EndGlobalSection
	GlobalSection(SolutionProperties) = preSolution
		HideSolutionNode = FALSE
	EndGlobalSection
	GlobalSection(ExtensibilityGlobals) = postSolution
		SolutionGuid = {4CF5D998-E43D-4115-96A7-0DC9786B9ED0}
	EndGlobalSection
EndGlobal
