
Microsoft Visual Studio Solution File, Format Version 12.00
# Visual Studio Version 16
VisualStudioVersion = 16.0.32901.82
MinimumVisualStudioVersion = 10.0.40219.1
Project("{FAE04EC0-301F-11D3-BF4B-00C04F79EFBC}") = "ConsoleApp3", "ConsoleApp3\ConsoleApp3.csproj", "{C3F3ED2C-5D41-4C23-9471-8A7584597316}"
EndProject
Global
	GlobalSection(SolutionConfigurationPlatforms) = preSolution
		Debug|Any CPU = Debug|Any CPU
		Release|Any CPU = Release|Any CPU
	EndGlobalSection
	GlobalSection(ProjectConfigurationPlatforms) = postSolution
		{C3F3ED2C-5D41-4C23-9471-8A7584597316}.Debug|Any CPU.ActiveCfg = Debug|Any CPU
		{C3F3ED2C-5D41-4C23-9471-8A7584597316}.Debug|Any CPU.Build.0 = Debug|Any CPU
		{C3F3ED2C-5D41-4C23-9471-8A7584597316}.Release|Any CPU.ActiveCfg = Release|Any CPU
		{C3F3ED2C-5D41-4C23-9471-8A7584597316}.Release|Any CPU.Build.0 = Release|Any CPU
	EndGlobalSection
	GlobalSection(SolutionProperties) = preSolution
		HideSolutionNode = FALSE
	EndGlobalSection
	GlobalSection(ExtensibilityGlobals) = postSolution
		SolutionGuid = {2F2C7EFA-8D80-4E9A-B5CD-455AA56B563E}
	EndGlobalSection
EndGlobal
